{
  "name": "Share",
  "lockfileVersion": 2,
  "requires": true,
  "packages": {
    "": {
      "dependencies": {
        "home-assistant-js-websocket": "^8.0.0"
      },
      "devDependencies": {
        "typescript": "^4.8.4"
      }
    },
    "node_modules/home-assistant-js-websocket": {
      "version": "8.0.0",
      "resolved": "https://registry.npmjs.org/home-assistant-js-websocket/-/home-assistant-js-websocket-8.0.0.tgz",
      "integrity": "sha512-H/JZDnlfXW3OBZK29YhaF3U/2maFcJSvxb0jKQBiN5i4XR+7ApYKALBBh2afLeiFQfy8Ys9AzSBY0kIeBW4Kzw=="
    },
    "node_modules/typescript": {
      "version": "4.8.4",
      "resolved": "https://registry.npmjs.org/typescript/-/typescript-4.8.4.tgz",
      "integrity": "sha512-QCh+85mCy+h0IGff8r5XWzOVSbBO+KfeYrMQh7NJ58QujwcE22u+NUSmUxqF+un70P9GXKxa2HCNiTTMJknyjQ==",
      "dev": true,
      "bin": {
        "tsc": "bin/tsc",
        "tsserver": "bin/tsserver"
      },
      "engines": {
        "node": ">=4.2.0"
      }
    }
  },
  "dependencies": {
    "home-assistant-js-websocket": {
      "version": "8.0.0",
      "resolved": "https://registry.npmjs.org/home-assistant-js-websocket/-/home-assistant-js-websocket-8.0.0.tgz",
      "integrity": "sha512-H/JZDnlfXW3OBZK29YhaF3U/2maFcJSvxb0jKQBiN5i4XR+7ApYKALBBh2afLeiFQfy8Ys9AzSBY0kIeBW4Kzw=="
    },
    "typescript": {
      "version": "4.8.4",
      "resolved": "https://registry.npmjs.org/typescript/-/typescript-4.8.4.tgz",
      "integrity": "sha512-QCh+85mCy+h0IGff8r5XWzOVSbBO+KfeYrMQh7NJ58QujwcE22u+NUSmUxqF+un70P9GXKxa2HCNiTTMJknyjQ==",
      "dev": true
    }
  }
}
